// !$*UTF8*$!
{
	archiveVersion = 1;
	classes = {
	};
	objectVersion = 50;
	objects = {

/* Begin PBXBuildFile section */
		661C56E021BEF74200AF4390 /* Recipe.swift in Sources */ = {isa = PBXBuildFile; fileRef = 661C56DF21BEF74200AF4390 /* Recipe.swift */; };
		661C56E221BEF77800AF4390 /* Ingredient.swift in Sources */ = {isa = PBXBuildFile; fileRef = 661C56E121BEF77800AF4390 /* Ingredient.swift */; };
		661C56E421BEF89800AF4390 /* Category.swift in Sources */ = {isa = PBXBuildFile; fileRef = 661C56E321BEF89800AF4390 /* Category.swift */; };
		6656954421B3441D006032CB /* Model.xcdatamodeld in Sources */ = {isa = PBXBuildFile; fileRef = 6656954221B3441D006032CB /* Model.xcdatamodeld */; };
		665BD81621C091A90041F167 /* Model.swift in Sources */ = {isa = PBXBuildFile; fileRef = 665BD81521C091A90041F167 /* Model.swift */; };
		D8373BD721BCC225002ABF6B /* addPantryModel.swift in Sources */ = {isa = PBXBuildFile; fileRef = D8373BD621BCC225002ABF6B /* addPantryModel.swift */; };
		D8373BD921BDBE79002ABF6B /* viewPantryContents.swift in Sources */ = {isa = PBXBuildFile; fileRef = D8373BD821BDBE79002ABF6B /* viewPantryContents.swift */; };
		D8373BDD21BDCD72002ABF6B /* pantryTableCell.swift in Sources */ = {isa = PBXBuildFile; fileRef = D8373BDC21BDCD72002ABF6B /* pantryTableCell.swift */; };
		D8373BE121BE0100002ABF6B /* viewData.swift in Sources */ = {isa = PBXBuildFile; fileRef = D8373BE021BE0100002ABF6B /* viewData.swift */; };
		D8C1459A21869BB6005CE7F5 /* pantryViewController.swift in Sources */ = {isa = PBXBuildFile; fileRef = D8C1459921869BB6005CE7F5 /* pantryViewController.swift */; };
		FE34C16321BDE7ED004F9804 /* ViewRecipeTableCells.swift in Sources */ = {isa = PBXBuildFile; fileRef = FE34C16221BDE7ED004F9804 /* ViewRecipeTableCells.swift */; };
		FE38C890218FDD20002603B3 /* CookbookTableViewController.swift in Sources */ = {isa = PBXBuildFile; fileRef = FE38C88F218FDD20002603B3 /* CookbookTableViewController.swift */; };
		FE38C898218FFB58002603B3 /* ViewRecipeViewController.swift in Sources */ = {isa = PBXBuildFile; fileRef = FE38C897218FFB58002603B3 /* ViewRecipeViewController.swift */; };
		FE38C89A21900176002603B3 /* InstructionStepViewController.swift in Sources */ = {isa = PBXBuildFile; fileRef = FE38C89921900176002603B3 /* InstructionStepViewController.swift */; };
		FE67938321C08EBB00E913A3 /* AddRecipe.swift in Sources */ = {isa = PBXBuildFile; fileRef = FE67938221C08EBB00E913A3 /* AddRecipe.swift */; };
		FEDC384921825E1600A00572 /* CookbookTableViewCell.swift in Sources */ = {isa = PBXBuildFile; fileRef = FEDC384821825E1600A00572 /* CookbookTableViewCell.swift */; };
		FEF0E30E216FECA3008C33E2 /* AppDelegate.swift in Sources */ = {isa = PBXBuildFile; fileRef = FEF0E30D216FECA3008C33E2 /* AppDelegate.swift */; };
		FEF0E310216FECA3008C33E2 /* ViewController.swift in Sources */ = {isa = PBXBuildFile; fileRef = FEF0E30F216FECA3008C33E2 /* ViewController.swift */; };
		FEF0E313216FECA3008C33E2 /* Main.storyboard in Resources */ = {isa = PBXBuildFile; fileRef = FEF0E311216FECA3008C33E2 /* Main.storyboard */; };
		FEF0E315216FECA5008C33E2 /* Assets.xcassets in Resources */ = {isa = PBXBuildFile; fileRef = FEF0E314216FECA5008C33E2 /* Assets.xcassets */; };
		FEF0E318216FECA5008C33E2 /* LaunchScreen.storyboard in Resources */ = {isa = PBXBuildFile; fileRef = FEF0E316216FECA5008C33E2 /* LaunchScreen.storyboard */; };
		FEF0E323216FECA5008C33E2 /* RecipeTests.swift in Sources */ = {isa = PBXBuildFile; fileRef = FEF0E322216FECA5008C33E2 /* RecipeTests.swift */; };
		FEF0E32E216FECA5008C33E2 /* RecipeUITests.swift in Sources */ = {isa = PBXBuildFile; fileRef = FEF0E32D216FECA5008C33E2 /* RecipeUITests.swift */; };
/* End PBXBuildFile section */

/* Begin PBXContainerItemProxy section */
		FEF0E31F216FECA5008C33E2 /* PBXContainerItemProxy */ = {
			isa = PBXContainerItemProxy;
			containerPortal = FEF0E302216FECA3008C33E2 /* Project object */;
			proxyType = 1;
			remoteGlobalIDString = FEF0E309216FECA3008C33E2;
			remoteInfo = Recipe;
		};
		FEF0E32A216FECA5008C33E2 /* PBXContainerItemProxy */ = {
			isa = PBXContainerItemProxy;
			containerPortal = FEF0E302216FECA3008C33E2 /* Project object */;
			proxyType = 1;
			remoteGlobalIDString = FEF0E309216FECA3008C33E2;
			remoteInfo = Recipe;
		};
/* End PBXContainerItemProxy section */

/* Begin PBXFileReference section */
		661C56DF21BEF74200AF4390 /* Recipe.swift */ = {isa = PBXFileReference; lastKnownFileType = sourcecode.swift; path = Recipe.swift; sourceTree = "<group>"; };
		661C56E121BEF77800AF4390 /* Ingredient.swift */ = {isa = PBXFileReference; lastKnownFileType = sourcecode.swift; path = Ingredient.swift; sourceTree = "<group>"; };
		661C56E321BEF89800AF4390 /* Category.swift */ = {isa = PBXFileReference; lastKnownFileType = sourcecode.swift; path = Category.swift; sourceTree = "<group>"; };
		6656954321B3441D006032CB /* Model.xcdatamodel */ = {isa = PBXFileReference; lastKnownFileType = wrapper.xcdatamodel; path = Model.xcdatamodel; sourceTree = "<group>"; };
		665BD81521C091A90041F167 /* Model.swift */ = {isa = PBXFileReference; lastKnownFileType = sourcecode.swift; path = Model.swift; sourceTree = "<group>"; };
		668981AF21B0644E00F8E536 /* libsqlite3.tbd */ = {isa = PBXFileReference; lastKnownFileType = "sourcecode.text-based-dylib-definition"; name = libsqlite3.tbd; path = usr/lib/libsqlite3.tbd; sourceTree = SDKROOT; };
		D8025AF521B6455000AA97B1 /* Recipe.entitlements */ = {isa = PBXFileReference; lastKnownFileType = text.plist.entitlements; path = Recipe.entitlements; sourceTree = "<group>"; };
		D8373BD621BCC225002ABF6B /* addPantryModel.swift */ = {isa = PBXFileReference; lastKnownFileType = sourcecode.swift; path = addPantryModel.swift; sourceTree = "<group>"; };
		D8373BD821BDBE79002ABF6B /* viewPantryContents.swift */ = {isa = PBXFileReference; lastKnownFileType = sourcecode.swift; path = viewPantryContents.swift; sourceTree = "<group>"; };
		D8373BDC21BDCD72002ABF6B /* pantryTableCell.swift */ = {isa = PBXFileReference; lastKnownFileType = sourcecode.swift; path = pantryTableCell.swift; sourceTree = "<group>"; };
		D8373BE021BE0100002ABF6B /* viewData.swift */ = {isa = PBXFileReference; lastKnownFileType = sourcecode.swift; path = viewData.swift; sourceTree = "<group>"; };
		D8C1459921869BB6005CE7F5 /* pantryViewController.swift */ = {isa = PBXFileReference; lastKnownFileType = sourcecode.swift; path = pantryViewController.swift; sourceTree = "<group>"; };
		FE34C16221BDE7ED004F9804 /* ViewRecipeTableCells.swift */ = {isa = PBXFileReference; lastKnownFileType = sourcecode.swift; path = ViewRecipeTableCells.swift; sourceTree = "<group>"; };
		FE38C88F218FDD20002603B3 /* CookbookTableViewController.swift */ = {isa = PBXFileReference; lastKnownFileType = sourcecode.swift; path = CookbookTableViewController.swift; sourceTree = "<group>"; };
		FE38C897218FFB58002603B3 /* ViewRecipeViewController.swift */ = {isa = PBXFileReference; lastKnownFileType = sourcecode.swift; path = ViewRecipeViewController.swift; sourceTree = "<group>"; };
		FE38C89921900176002603B3 /* InstructionStepViewController.swift */ = {isa = PBXFileReference; lastKnownFileType = sourcecode.swift; path = InstructionStepViewController.swift; sourceTree = "<group>"; };
		FE67938221C08EBB00E913A3 /* AddRecipe.swift */ = {isa = PBXFileReference; fileEncoding = 4; lastKnownFileType = sourcecode.swift; path = AddRecipe.swift; sourceTree = "<group>"; };
		FEDC384821825E1600A00572 /* CookbookTableViewCell.swift */ = {isa = PBXFileReference; lastKnownFileType = sourcecode.swift; path = CookbookTableViewCell.swift; sourceTree = "<group>"; };
		FEF0E30A216FECA3008C33E2 /* Recipe.app */ = {isa = PBXFileReference; explicitFileType = wrapper.application; includeInIndex = 0; path = Recipe.app; sourceTree = BUILT_PRODUCTS_DIR; };
		FEF0E30D216FECA3008C33E2 /* AppDelegate.swift */ = {isa = PBXFileReference; lastKnownFileType = sourcecode.swift; path = AppDelegate.swift; sourceTree = "<group>"; };
		FEF0E30F216FECA3008C33E2 /* ViewController.swift */ = {isa = PBXFileReference; lastKnownFileType = sourcecode.swift; path = ViewController.swift; sourceTree = "<group>"; };
		FEF0E312216FECA3008C33E2 /* Base */ = {isa = PBXFileReference; lastKnownFileType = file.storyboard; name = Base; path = Base.lproj/Main.storyboard; sourceTree = "<group>"; };
		FEF0E314216FECA5008C33E2 /* Assets.xcassets */ = {isa = PBXFileReference; lastKnownFileType = folder.assetcatalog; path = Assets.xcassets; sourceTree = "<group>"; };
		FEF0E317216FECA5008C33E2 /* Base */ = {isa = PBXFileReference; lastKnownFileType = file.storyboard; name = Base; path = Base.lproj/LaunchScreen.storyboard; sourceTree = "<group>"; };
		FEF0E319216FECA5008C33E2 /* Info.plist */ = {isa = PBXFileReference; lastKnownFileType = text.plist.xml; path = Info.plist; sourceTree = "<group>"; };
		FEF0E31E216FECA5008C33E2 /* RecipeTests.xctest */ = {isa = PBXFileReference; explicitFileType = wrapper.cfbundle; includeInIndex = 0; path = RecipeTests.xctest; sourceTree = BUILT_PRODUCTS_DIR; };
		FEF0E322216FECA5008C33E2 /* RecipeTests.swift */ = {isa = PBXFileReference; lastKnownFileType = sourcecode.swift; path = RecipeTests.swift; sourceTree = "<group>"; };
		FEF0E324216FECA5008C33E2 /* Info.plist */ = {isa = PBXFileReference; lastKnownFileType = text.plist.xml; path = Info.plist; sourceTree = "<group>"; };
		FEF0E329216FECA5008C33E2 /* RecipeUITests.xctest */ = {isa = PBXFileReference; explicitFileType = wrapper.cfbundle; includeInIndex = 0; path = RecipeUITests.xctest; sourceTree = BUILT_PRODUCTS_DIR; };
		FEF0E32D216FECA5008C33E2 /* RecipeUITests.swift */ = {isa = PBXFileReference; lastKnownFileType = sourcecode.swift; path = RecipeUITests.swift; sourceTree = "<group>"; };
		FEF0E32F216FECA5008C33E2 /* Info.plist */ = {isa = PBXFileReference; lastKnownFileType = text.plist.xml; path = Info.plist; sourceTree = "<group>"; };
/* End PBXFileReference section */

/* Begin PBXFrameworksBuildPhase section */
		FEF0E307216FECA3008C33E2 /* Frameworks */ = {
			isa = PBXFrameworksBuildPhase;
			buildActionMask = 2147483647;
			files = (
			);
			runOnlyForDeploymentPostprocessing = 0;
		};
		FEF0E31B216FECA5008C33E2 /* Frameworks */ = {
			isa = PBXFrameworksBuildPhase;
			buildActionMask = 2147483647;
			files = (
			);
			runOnlyForDeploymentPostprocessing = 0;
		};
		FEF0E326216FECA5008C33E2 /* Frameworks */ = {
			isa = PBXFrameworksBuildPhase;
			buildActionMask = 2147483647;
			files = (
			);
			runOnlyForDeploymentPostprocessing = 0;
		};
/* End PBXFrameworksBuildPhase section */

/* Begin PBXGroup section */
		6620F1972182525F00A97124 /* Model */ = {
			isa = PBXGroup;
			children = (
				6656954221B3441D006032CB /* Model.xcdatamodeld */,
				661C56DF21BEF74200AF4390 /* Recipe.swift */,
				661C56E121BEF77800AF4390 /* Ingredient.swift */,
				661C56E321BEF89800AF4390 /* Category.swift */,
				665BD81521C091A90041F167 /* Model.swift */,
			);
			path = Model;
			sourceTree = "<group>";
		};
		6620F198218252B800A97124 /* Supporting Files */ = {
			isa = PBXGroup;
			children = (
				FEF0E30D216FECA3008C33E2 /* AppDelegate.swift */,
				FEF0E316216FECA5008C33E2 /* LaunchScreen.storyboard */,
			);
			path = "Supporting Files";
			sourceTree = "<group>";
		};
		668981AE21B0644E00F8E536 /* Frameworks */ = {
			isa = PBXGroup;
			children = (
				668981AF21B0644E00F8E536 /* libsqlite3.tbd */,
			);
			name = Frameworks;
			sourceTree = "<group>";
		};
		FEF0E301216FECA3008C33E2 = {
			isa = PBXGroup;
			children = (
				FEF0E30C216FECA3008C33E2 /* Recipe */,
				FEF0E321216FECA5008C33E2 /* RecipeTests */,
				FEF0E32C216FECA5008C33E2 /* RecipeUITests */,
				FEF0E30B216FECA3008C33E2 /* Products */,
				668981AE21B0644E00F8E536 /* Frameworks */,
			);
			sourceTree = "<group>";
		};
		FEF0E30B216FECA3008C33E2 /* Products */ = {
			isa = PBXGroup;
			children = (
				FEF0E30A216FECA3008C33E2 /* Recipe.app */,
				FEF0E31E216FECA5008C33E2 /* RecipeTests.xctest */,
				FEF0E329216FECA5008C33E2 /* RecipeUITests.xctest */,
			);
			name = Products;
			sourceTree = "<group>";
		};
		FEF0E30C216FECA3008C33E2 /* Recipe */ = {
			isa = PBXGroup;
			children = (
				D8025AF521B6455000AA97B1 /* Recipe.entitlements */,
				6620F1972182525F00A97124 /* Model */,
				6620F198218252B800A97124 /* Supporting Files */,
				FEF0E30F216FECA3008C33E2 /* ViewController.swift */,
				FEF0E311216FECA3008C33E2 /* Main.storyboard */,
				FE67938221C08EBB00E913A3 /* AddRecipe.swift */,
				FE38C89921900176002603B3 /* InstructionStepViewController.swift */,
				FE38C897218FFB58002603B3 /* ViewRecipeViewController.swift */,
				FE34C16221BDE7ED004F9804 /* ViewRecipeTableCells.swift */,
				FE38C88F218FDD20002603B3 /* CookbookTableViewController.swift */,
				FEDC384821825E1600A00572 /* CookbookTableViewCell.swift */,
				FEF0E314216FECA5008C33E2 /* Assets.xcassets */,
				FEF0E319216FECA5008C33E2 /* Info.plist */,
				D8373BD621BCC225002ABF6B /* addPantryModel.swift */,
				D8C1459921869BB6005CE7F5 /* pantryViewController.swift */,
				D8373BD821BDBE79002ABF6B /* viewPantryContents.swift */,
				D8373BDC21BDCD72002ABF6B /* pantryTableCell.swift */,
				D8373BE021BE0100002ABF6B /* viewData.swift */,
			);
			path = Recipe;
			sourceTree = "<group>";
		};
		FEF0E321216FECA5008C33E2 /* RecipeTests */ = {
			isa = PBXGroup;
			children = (
				FEF0E322216FECA5008C33E2 /* RecipeTests.swift */,
				FEF0E324216FECA5008C33E2 /* Info.plist */,
			);
			path = RecipeTests;
			sourceTree = "<group>";
		};
		FEF0E32C216FECA5008C33E2 /* RecipeUITests */ = {
			isa = PBXGroup;
			children = (
				FEF0E32D216FECA5008C33E2 /* RecipeUITests.swift */,
				FEF0E32F216FECA5008C33E2 /* Info.plist */,
			);
			path = RecipeUITests;
			sourceTree = "<group>";
		};
/* End PBXGroup section */

/* Begin PBXNativeTarget section */
		FEF0E309216FECA3008C33E2 /* Recipe */ = {
			isa = PBXNativeTarget;
			buildConfigurationList = FEF0E332216FECA5008C33E2 /* Build configuration list for PBXNativeTarget "Recipe" */;
			buildPhases = (
				FEF0E306216FECA3008C33E2 /* Sources */,
				FEF0E307216FECA3008C33E2 /* Frameworks */,
				FEF0E308216FECA3008C33E2 /* Resources */,
			);
			buildRules = (
			);
			dependencies = (
			);
			name = Recipe;
			productName = Recipe;
			productReference = FEF0E30A216FECA3008C33E2 /* Recipe.app */;
			productType = "com.apple.product-type.application";
		};
		FEF0E31D216FECA5008C33E2 /* RecipeTests */ = {
			isa = PBXNativeTarget;
			buildConfigurationList = FEF0E335216FECA5008C33E2 /* Build configuration list for PBXNativeTarget "RecipeTests" */;
			buildPhases = (
				FEF0E31A216FECA5008C33E2 /* Sources */,
				FEF0E31B216FECA5008C33E2 /* Frameworks */,
				FEF0E31C216FECA5008C33E2 /* Resources */,
			);
			buildRules = (
			);
			dependencies = (
				FEF0E320216FECA5008C33E2 /* PBXTargetDependency */,
			);
			name = RecipeTests;
			productName = RecipeTests;
			productReference = FEF0E31E216FECA5008C33E2 /* RecipeTests.xctest */;
			productType = "com.apple.product-type.bundle.unit-test";
		};
		FEF0E328216FECA5008C33E2 /* RecipeUITests */ = {
			isa = PBXNativeTarget;
			buildConfigurationList = FEF0E338216FECA5008C33E2 /* Build configuration list for PBXNativeTarget "RecipeUITests" */;
			buildPhases = (
				FEF0E325216FECA5008C33E2 /* Sources */,
				FEF0E326216FECA5008C33E2 /* Frameworks */,
				FEF0E327216FECA5008C33E2 /* Resources */,
			);
			buildRules = (
			);
			dependencies = (
				FEF0E32B216FECA5008C33E2 /* PBXTargetDependency */,
			);
			name = RecipeUITests;
			productName = RecipeUITests;
			productReference = FEF0E329216FECA5008C33E2 /* RecipeUITests.xctest */;
			productType = "com.apple.product-type.bundle.ui-testing";
		};
/* End PBXNativeTarget section */

/* Begin PBXProject section */
		FEF0E302216FECA3008C33E2 /* Project object */ = {
			isa = PBXProject;
			attributes = {
				LastSwiftUpdateCheck = 1000;
				LastUpgradeCheck = 1000;
				ORGANIZATIONNAME = "Jones, Caitlin N";
				TargetAttributes = {
					FEF0E309216FECA3008C33E2 = {
						CreatedOnToolsVersion = 10.0;
						SystemCapabilities = {
							com.apple.Push = {
								enabled = 0;
							};
						};
					};
					FEF0E31D216FECA5008C33E2 = {
						CreatedOnToolsVersion = 10.0;
						TestTargetID = FEF0E309216FECA3008C33E2;
					};
					FEF0E328216FECA5008C33E2 = {
						CreatedOnToolsVersion = 10.0;
						TestTargetID = FEF0E309216FECA3008C33E2;
					};
				};
			};
			buildConfigurationList = FEF0E305216FECA3008C33E2 /* Build configuration list for PBXProject "Recipe" */;
			compatibilityVersion = "Xcode 9.3";
			developmentRegion = en;
			hasScannedForEncodings = 0;
			knownRegions = (
				en,
				Base,
			);
			mainGroup = FEF0E301216FECA3008C33E2;
			productRefGroup = FEF0E30B216FECA3008C33E2 /* Products */;
			projectDirPath = "";
			projectRoot = "";
			targets = (
				FEF0E309216FECA3008C33E2 /* Recipe */,
				FEF0E31D216FECA5008C33E2 /* RecipeTests */,
				FEF0E328216FECA5008C33E2 /* RecipeUITests */,
			);
		};
/* End PBXProject section */

/* Begin PBXResourcesBuildPhase section */
		FEF0E308216FECA3008C33E2 /* Resources */ = {
			isa = PBXResourcesBuildPhase;
			buildActionMask = 2147483647;
			files = (
				FEF0E318216FECA5008C33E2 /* LaunchScreen.storyboard in Resources */,
				FEF0E315216FECA5008C33E2 /* Assets.xcassets in Resources */,
				FEF0E313216FECA3008C33E2 /* Main.storyboard in Resources */,
			);
			runOnlyForDeploymentPostprocessing = 0;
		};
		FEF0E31C216FECA5008C33E2 /* Resources */ = {
			isa = PBXResourcesBuildPhase;
			buildActionMask = 2147483647;
			files = (
			);
			runOnlyForDeploymentPostprocessing = 0;
		};
		FEF0E327216FECA5008C33E2 /* Resources */ = {
			isa = PBXResourcesBuildPhase;
			buildActionMask = 2147483647;
			files = (
			);
			runOnlyForDeploymentPostprocessing = 0;
		};
/* End PBXResourcesBuildPhase section */

/* Begin PBXSourcesBuildPhase section */
		FEF0E306216FECA3008C33E2 /* Sources */ = {
			isa = PBXSourcesBuildPhase;
			buildActionMask = 2147483647;
			files = (
				FE38C89A21900176002603B3 /* InstructionStepViewController.swift in Sources */,
				FEDC384921825E1600A00572 /* CookbookTableViewCell.swift in Sources */,
				FE67938321C08EBB00E913A3 /* AddRecipe.swift in Sources */,
				661C56E221BEF77800AF4390 /* Ingredient.swift in Sources */,
				FE38C898218FFB58002603B3 /* ViewRecipeViewController.swift in Sources */,
				FEF0E310216FECA3008C33E2 /* ViewController.swift in Sources */,
				FE34C16321BDE7ED004F9804 /* ViewRecipeTableCells.swift in Sources */,
				FE38C890218FDD20002603B3 /* CookbookTableViewController.swift in Sources */,
				661C56E421BEF89800AF4390 /* Category.swift in Sources */,
				D8373BD921BDBE79002ABF6B /* viewPantryContents.swift in Sources */,
				FEF0E30E216FECA3008C33E2 /* AppDelegate.swift in Sources */,
				665BD81621C091A90041F167 /* Model.swift in Sources */,
				D8373BDD21BDCD72002ABF6B /* pantryTableCell.swift in Sources */,
				661C56E021BEF74200AF4390 /* Recipe.swift in Sources */,
				D8373BD721BCC225002ABF6B /* addPantryModel.swift in Sources */,
				D8373BE121BE0100002ABF6B /* viewData.swift in Sources */,
				D8C1459A21869BB6005CE7F5 /* pantryViewController.swift in Sources */,
				6656954421B3441D006032CB /* Model.xcdatamodeld in Sources */,
			);
			runOnlyForDeploymentPostprocessing = 0;
		};
		FEF0E31A216FECA5008C33E2 /* Sources */ = {
			isa = PBXSourcesBuildPhase;
			buildActionMask = 2147483647;
			files = (
				FEF0E323216FECA5008C33E2 /* RecipeTests.swift in Sources */,
			);
			runOnlyForDeploymentPostprocessing = 0;
		};
		FEF0E325216FECA5008C33E2 /* Sources */ = {
			isa = PBXSourcesBuildPhase;
			buildActionMask = 2147483647;
			files = (
				FEF0E32E216FECA5008C33E2 /* RecipeUITests.swift in Sources */,
			);
			runOnlyForDeploymentPostprocessing = 0;
		};
/* End PBXSourcesBuildPhase section */

/* Begin PBXTargetDependency section */
		FEF0E320216FECA5008C33E2 /* PBXTargetDependency */ = {
			isa = PBXTargetDependency;
			target = FEF0E309216FECA3008C33E2 /* Recipe */;
			targetProxy = FEF0E31F216FECA5008C33E2 /* PBXContainerItemProxy */;
		};
		FEF0E32B216FECA5008C33E2 /* PBXTargetDependency */ = {
			isa = PBXTargetDependency;
			target = FEF0E309216FECA3008C33E2 /* Recipe */;
			targetProxy = FEF0E32A216FECA5008C33E2 /* PBXContainerItemProxy */;
		};
/* End PBXTargetDependency section */

/* Begin PBXVariantGroup section */
		FEF0E311216FECA3008C33E2 /* Main.storyboard */ = {
			isa = PBXVariantGroup;
			children = (
				FEF0E312216FECA3008C33E2 /* Base */,
			);
			name = Main.storyboard;
			sourceTree = "<group>";
		};
		FEF0E316216FECA5008C33E2 /* LaunchScreen.storyboard */ = {
			isa = PBXVariantGroup;
			children = (
				FEF0E317216FECA5008C33E2 /* Base */,
			);
			name = LaunchScreen.storyboard;
			sourceTree = "<group>";
		};
/* End PBXVariantGroup section */

/* Begin XCBuildConfiguration section */
		FEF0E330216FECA5008C33E2 /* Debug */ = {
			isa = XCBuildConfiguration;
			buildSettings = {
				ALWAYS_SEARCH_USER_PATHS = NO;
				CLANG_ANALYZER_NONNULL = YES;
				CLANG_ANALYZER_NUMBER_OBJECT_CONVERSION = YES_AGGRESSIVE;
				CLANG_CXX_LANGUAGE_STANDARD = "gnu++14";
				CLANG_CXX_LIBRARY = "libc++";
				CLANG_ENABLE_MODULES = YES;
				CLANG_ENABLE_OBJC_ARC = YES;
				CLANG_ENABLE_OBJC_WEAK = YES;
				CLANG_WARN_BLOCK_CAPTURE_AUTORELEASING = YES;
				CLANG_WARN_BOOL_CONVERSION = YES;
				CLANG_WARN_COMMA = YES;
				CLANG_WARN_CONSTANT_CONVERSION = YES;
				CLANG_WARN_DEPRECATED_OBJC_IMPLEMENTATIONS = YES;
				CLANG_WARN_DIRECT_OBJC_ISA_USAGE = YES_ERROR;
				CLANG_WARN_DOCUMENTATION_COMMENTS = YES;
				CLANG_WARN_EMPTY_BODY = YES;
				CLANG_WARN_ENUM_CONVERSION = YES;
				CLANG_WARN_INFINITE_RECURSION = YES;
				CLANG_WARN_INT_CONVERSION = YES;
				CLANG_WARN_NON_LITERAL_NULL_CONVERSION = YES;
				CLANG_WARN_OBJC_IMPLICIT_RETAIN_SELF = YES;
				CLANG_WARN_OBJC_LITERAL_CONVERSION = YES;
				CLANG_WARN_OBJC_ROOT_CLASS = YES_ERROR;
				CLANG_WARN_RANGE_LOOP_ANALYSIS = YES;
				CLANG_WARN_STRICT_PROTOTYPES = YES;
				CLANG_WARN_SUSPICIOUS_MOVE = YES;
				CLANG_WARN_UNGUARDED_AVAILABILITY = YES_AGGRESSIVE;
				CLANG_WARN_UNREACHABLE_CODE = YES;
				CLANG_WARN__DUPLICATE_METHOD_MATCH = YES;
				CODE_SIGN_IDENTITY = "iPhone Developer";
				COPY_PHASE_STRIP = NO;
				DEBUG_INFORMATION_FORMAT = dwarf;
				ENABLE_STRICT_OBJC_MSGSEND = YES;
				ENABLE_TESTABILITY = YES;
				GCC_C_LANGUAGE_STANDARD = gnu11;
				GCC_DYNAMIC_NO_PIC = NO;
				GCC_NO_COMMON_BLOCKS = YES;
				GCC_OPTIMIZATION_LEVEL = 0;
				GCC_PREPROCESSOR_DEFINITIONS = (
					"DEBUG=1",
					"$(inherited)",
				);
				GCC_WARN_64_TO_32_BIT_CONVERSION = YES;
				GCC_WARN_ABOUT_RETURN_TYPE = YES_ERROR;
				GCC_WARN_UNDECLARED_SELECTOR = YES;
				GCC_WARN_UNINITIALIZED_AUTOS = YES_AGGRESSIVE;
				GCC_WARN_UNUSED_FUNCTION = YES;
				GCC_WARN_UNUSED_VARIABLE = YES;
				IPHONEOS_DEPLOYMENT_TARGET = 12.0;
				MTL_ENABLE_DEBUG_INFO = INCLUDE_SOURCE;
				MTL_FAST_MATH = YES;
				ONLY_ACTIVE_ARCH = YES;
				SDKROOT = iphoneos;
				SWIFT_ACTIVE_COMPILATION_CONDITIONS = DEBUG;
				SWIFT_OPTIMIZATION_LEVEL = "-Onone";
			};
			name = Debug;
		};
		FEF0E331216FECA5008C33E2 /* Release */ = {
			isa = XCBuildConfiguration;
			buildSettings = {
				ALWAYS_SEARCH_USER_PATHS = NO;
				CLANG_ANALYZER_NONNULL = YES;
				CLANG_ANALYZER_NUMBER_OBJECT_CONVERSION = YES_AGGRESSIVE;
				CLANG_CXX_LANGUAGE_STANDARD = "gnu++14";
				CLANG_CXX_LIBRARY = "libc++";
				CLANG_ENABLE_MODULES = YES;
				CLANG_ENABLE_OBJC_ARC = YES;
				CLANG_ENABLE_OBJC_WEAK = YES;
				CLANG_WARN_BLOCK_CAPTURE_AUTORELEASING = YES;
				CLANG_WARN_BOOL_CONVERSION = YES;
				CLANG_WARN_COMMA = YES;
				CLANG_WARN_CONSTANT_CONVERSION = YES;
				CLANG_WARN_DEPRECATED_OBJC_IMPLEMENTATIONS = YES;
				CLANG_WARN_DIRECT_OBJC_ISA_USAGE = YES_ERROR;
				CLANG_WARN_DOCUMENTATION_COMMENTS = YES;
				CLANG_WARN_EMPTY_BODY = YES;
				CLANG_WARN_ENUM_CONVERSION = YES;
				CLANG_WARN_INFINITE_RECURSION = YES;
				CLANG_WARN_INT_CONVERSION = YES;
				CLANG_WARN_NON_LITERAL_NULL_CONVERSION = YES;
				CLANG_WARN_OBJC_IMPLICIT_RETAIN_SELF = YES;
				CLANG_WARN_OBJC_LITERAL_CONVERSION = YES;
				CLANG_WARN_OBJC_ROOT_CLASS = YES_ERROR;
				CLANG_WARN_RANGE_LOOP_ANALYSIS = YES;
				CLANG_WARN_STRICT_PROTOTYPES = YES;
				CLANG_WARN_SUSPICIOUS_MOVE = YES;
				CLANG_WARN_UNGUARDED_AVAILABILITY = YES_AGGRESSIVE;
				CLANG_WARN_UNREACHABLE_CODE = YES;
				CLANG_WARN__DUPLICATE_METHOD_MATCH = YES;
				CODE_SIGN_IDENTITY = "iPhone Developer";
				COPY_PHASE_STRIP = NO;
				DEBUG_INFORMATION_FORMAT = "dwarf-with-dsym";
				ENABLE_NS_ASSERTIONS = NO;
				ENABLE_STRICT_OBJC_MSGSEND = YES;
				GCC_C_LANGUAGE_STANDARD = gnu11;
				GCC_NO_COMMON_BLOCKS = YES;
				GCC_WARN_64_TO_32_BIT_CONVERSION = YES;
				GCC_WARN_ABOUT_RETURN_TYPE = YES_ERROR;
				GCC_WARN_UNDECLARED_SELECTOR = YES;
				GCC_WARN_UNINITIALIZED_AUTOS = YES_AGGRESSIVE;
				GCC_WARN_UNUSED_FUNCTION = YES;
				GCC_WARN_UNUSED_VARIABLE = YES;
				IPHONEOS_DEPLOYMENT_TARGET = 12.0;
				MTL_ENABLE_DEBUG_INFO = NO;
				MTL_FAST_MATH = YES;
				SDKROOT = iphoneos;
				SWIFT_COMPILATION_MODE = wholemodule;
				SWIFT_OPTIMIZATION_LEVEL = "-O";
				VALIDATE_PRODUCT = YES;
			};
			name = Release;
		};
		FEF0E333216FECA5008C33E2 /* Debug */ = {
			isa = XCBuildConfiguration;
			buildSettings = {
				ASSETCATALOG_COMPILER_APPICON_NAME = AppIcon;
				CODE_SIGN_STYLE = Automatic;
				DEVELOPMENT_TEAM = R55D35NTEZ;
				INFOPLIST_FILE = Recipe/Info.plist;
				LD_RUNPATH_SEARCH_PATHS = (
					"$(inherited)",
					"@executable_path/Frameworks",
				);
				PRODUCT_BUNDLE_IDENTIFIER = UKy.iOS.Recipe.ry;
				PRODUCT_NAME = "$(TARGET_NAME)";
				SWIFT_VERSION = 4.2;
				TARGETED_DEVICE_FAMILY = "1,2";
			};
			name = Debug;
		};
		FEF0E334216FECA5008C33E2 /* Release */ = {
			isa = XCBuildConfiguration;
			buildSettings = {
				ASSETCATALOG_COMPILER_APPICON_NAME = AppIcon;
				CODE_SIGN_STYLE = Automatic;
				DEVELOPMENT_TEAM = R55D35NTEZ;
				INFOPLIST_FILE = Recipe/Info.plist;
				LD_RUNPATH_SEARCH_PATHS = (
					"$(inherited)",
					"@executable_path/Frameworks",
				);
				PRODUCT_BUNDLE_IDENTIFIER = UKy.iOS.Recipe.ry;
				PRODUCT_NAME = "$(TARGET_NAME)";
				SWIFT_VERSION = 4.2;
				TARGETED_DEVICE_FAMILY = "1,2";
			};
			name = Release;
		};
		FEF0E336216FECA5008C33E2 /* Debug */ = {
			isa = XCBuildConfiguration;
			buildSettings = {
				ALWAYS_EMBED_SWIFT_STANDARD_LIBRARIES = YES;
				BUNDLE_LOADER = "$(TEST_HOST)";
				CODE_SIGN_STYLE = Automatic;
				INFOPLIST_FILE = RecipeTests/Info.plist;
				LD_RUNPATH_SEARCH_PATHS = (
					"$(inherited)",
					"@executable_path/Frameworks",
					"@loader_path/Frameworks",
				);
				PRODUCT_BUNDLE_IDENTIFIER = UKy.iOS.RecipeTests;
				PRODUCT_NAME = "$(TARGET_NAME)";
				SWIFT_VERSION = 4.2;
				TARGETED_DEVICE_FAMILY = "1,2";
				TEST_HOST = "$(BUILT_PRODUCTS_DIR)/Recipe.app/Recipe";
			};
			name = Debug;
		};
		FEF0E337216FECA5008C33E2 /* Release */ = {
			isa = XCBuildConfiguration;
			buildSettings = {
				ALWAYS_EMBED_SWIFT_STANDARD_LIBRARIES = YES;
				BUNDLE_LOADER = "$(TEST_HOST)";
				CODE_SIGN_STYLE = Automatic;
				INFOPLIST_FILE = RecipeTests/Info.plist;
				LD_RUNPATH_SEARCH_PATHS = (
					"$(inherited)",
					"@executable_path/Frameworks",
					"@loader_path/Frameworks",
				);
				PRODUCT_BUNDLE_IDENTIFIER = UKy.iOS.RecipeTests;
				PRODUCT_NAME = "$(TARGET_NAME)";
				SWIFT_VERSION = 4.2;
				TARGETED_DEVICE_FAMILY = "1,2";
				TEST_HOST = "$(BUILT_PRODUCTS_DIR)/Recipe.app/Recipe";
			};
			name = Release;
		};
		FEF0E339216FECA5008C33E2 /* Debug */ = {
			isa = XCBuildConfiguration;
			buildSettings = {
				ALWAYS_EMBED_SWIFT_STANDARD_LIBRARIES = YES;
				CODE_SIGN_STYLE = Automatic;
				INFOPLIST_FILE = RecipeUITests/Info.plist;
				LD_RUNPATH_SEARCH_PATHS = (
					"$(inherited)",
					"@executable_path/Frameworks",
					"@loader_path/Frameworks",
				);
				PRODUCT_BUNDLE_IDENTIFIER = UKy.iOS.RecipeUITests;
				PRODUCT_NAME = "$(TARGET_NAME)";
				SWIFT_VERSION = 4.2;
				TARGETED_DEVICE_FAMILY = "1,2";
				TEST_TARGET_NAME = Recipe;
			};
			name = Debug;
		};
		FEF0E33A216FECA5008C33E2 /* Release */ = {
			isa = XCBuildConfiguration;
			buildSettings = {
				ALWAYS_EMBED_SWIFT_STANDARD_LIBRARIES = YES;
				CODE_SIGN_STYLE = Automatic;
				INFOPLIST_FILE = RecipeUITests/Info.plist;
				LD_RUNPATH_SEARCH_PATHS = (
					"$(inherited)",
					"@executable_path/Frameworks",
					"@loader_path/Frameworks",
				);
				PRODUCT_BUNDLE_IDENTIFIER = UKy.iOS.RecipeUITests;
				PRODUCT_NAME = "$(TARGET_NAME)";
				SWIFT_VERSION = 4.2;
				TARGETED_DEVICE_FAMILY = "1,2";
				TEST_TARGET_NAME = Recipe;
			};
			name = Release;
		};
/* End XCBuildConfiguration section */

/* Begin XCConfigurationList section */
		FEF0E305216FECA3008C33E2 /* Build configuration list for PBXProject "Recipe" */ = {
			isa = XCConfigurationList;
			buildConfigurations = (
				FEF0E330216FECA5008C33E2 /* Debug */,
				FEF0E331216FECA5008C33E2 /* Release */,
			);
			defaultConfigurationIsVisible = 0;
			defaultConfigurationName = Release;
		};
		FEF0E332216FECA5008C33E2 /* Build configuration list for PBXNativeTarget "Recipe" */ = {
			isa = XCConfigurationList;
			buildConfigurations = (
				FEF0E333216FECA5008C33E2 /* Debug */,
				FEF0E334216FECA5008C33E2 /* Release */,
			);
			defaultConfigurationIsVisible = 0;
			defaultConfigurationName = Release;
		};
		FEF0E335216FECA5008C33E2 /* Build configuration list for PBXNativeTarget "RecipeTests" */ = {
			isa = XCConfigurationList;
			buildConfigurations = (
				FEF0E336216FECA5008C33E2 /* Debug */,
				FEF0E337216FECA5008C33E2 /* Release */,
			);
			defaultConfigurationIsVisible = 0;
			defaultConfigurationName = Release;
		};
		FEF0E338216FECA5008C33E2 /* Build configuration list for PBXNativeTarget "RecipeUITests" */ = {
			isa = XCConfigurationList;
			buildConfigurations = (
				FEF0E339216FECA5008C33E2 /* Debug */,
				FEF0E33A216FECA5008C33E2 /* Release */,
			);
			defaultConfigurationIsVisible = 0;
			defaultConfigurationName = Release;
		};
/* End XCConfigurationList section */

/* Begin XCVersionGroup section */
		6656954221B3441D006032CB /* Model.xcdatamodeld */ = {
			isa = XCVersionGroup;
			children = (
				6656954321B3441D006032CB /* Model.xcdatamodel */,
			);
			currentVersion = 6656954321B3441D006032CB /* Model.xcdatamodel */;
			path = Model.xcdatamodeld;
			sourceTree = "<group>";
			versionGroupType = wrapper.xcdatamodel;
		};
/* End XCVersionGroup section */
	};
	rootObject = FEF0E302216FECA3008C33E2 /* Project object */;
}
